
Microsoft Visual Studio Solution File, Format Version 12.00
# Visual Studio Version 17
VisualStudioVersion = 17.0.31903.59
MinimumVisualStudioVersion = 10.0.40219.1
Project("{2150E333-8FDC-42A3-9474-1A3956D46DE8}") = "Catalogo", "Catalogo", "{0FCEB2D8-564E-DA12-3628-0FEFDF18DC96}"
EndProject
Project("{FAE04EC0-301F-11D3-BF4B-00C04F79EFBC}") = "Catalogo.Domain", "Catalogo\Catalogo.Domain\Catalogo.Domain.csproj", "{67F6BA90-9DE1-4DBB-8F22-C758E8FD6FE6}"
EndProject
Project("{FAE04EC0-301F-11D3-BF4B-00C04F79EFBC}") = "Catalogo.Application", "Catalogo\Catalogo.Application\Catalogo.Application.csproj", "{FB78A3CC-2954-4920-A897-FCCADB62CE28}"
EndProject
Project("{FAE04EC0-301F-11D3-BF4B-00C04F79EFBC}") = "Catalogo.Infrastructure", "Catalogo\Catalogo.Infrastructure\Catalogo.Infrastructure.csproj", "{0A4E5222-BEA5-4EA7-8FC7-9B4605DBD86C}"
EndProject
Project("{FAE04EC0-301F-11D3-BF4B-00C04F79EFBC}") = "Catalogo.API", "Catalogo\Catalogo.API\Catalogo.API.csproj", "{810A4590-06D0-440A-92F8-A19CA089A8AC}"
EndProject
Project("{2150E333-8FDC-42A3-9474-1A3956D46DE8}") = "Agendas", "Agendas", "{7D402C9F-4E61-B0AC-C92F-96A0DB0B4F8A}"
EndProject
Project("{FAE04EC0-301F-11D3-BF4B-00C04F79EFBC}") = "Agendas.Domain", "Agendas\Agendas.Domain\Agendas.Domain.csproj", "{352DF198-29F1-4664-9760-D3E1F5E4A6E6}"
EndProject
Project("{FAE04EC0-301F-11D3-BF4B-00C04F79EFBC}") = "Agendas.Application", "Agendas\Agendas.Application\Agendas.Application.csproj", "{9720D6A0-7304-4CED-97FE-AB3C1885102B}"
EndProject
Project("{FAE04EC0-301F-11D3-BF4B-00C04F79EFBC}") = "Agendas.Infrastructure", "Agendas\Agendas.Infrastructure\Agendas.Infrastructure.csproj", "{8375D1E0-46D9-43BB-9A16-2C43B2AD5E0A}"
EndProject
Project("{FAE04EC0-301F-11D3-BF4B-00C04F79EFBC}") = "Agendas.API", "Agendas\Agendas.API\Agendas.API.csproj", "{FC5A74ED-3E0C-42BA-AC1F-ADD5A3FEC6A1}"
EndProject
Project("{2150E333-8FDC-42A3-9474-1A3956D46DE8}") = "PDF", "PDF", "{467D70FE-28D8-4113-1386-67AD53474EBF}"
EndProject
Project("{FAE04EC0-301F-11D3-BF4B-00C04F79EFBC}") = "PDF.Domain", "PDF\PDF.Domain\PDF.Domain.csproj", "{BE67BBC2-C974-4F19-A60B-4E8213D30568}"
EndProject
Project("{FAE04EC0-301F-11D3-BF4B-00C04F79EFBC}") = "PDF.Application", "PDF\PDF.Application\PDF.Application.csproj", "{60F49E5E-27FF-4B72-95F9-BB18D6215EEC}"
EndProject
Project("{FAE04EC0-301F-11D3-BF4B-00C04F79EFBC}") = "PDF.Infrastructure", "PDF\PDF.Infrastructure\PDF.Infrastructure.csproj", "{A9D8271C-D5C5-4BB5-8D13-BFE0BD11AFB3}"
EndProject
Project("{FAE04EC0-301F-11D3-BF4B-00C04F79EFBC}") = "PDF.API", "PDF\PDF.API\PDF.API.csproj", "{63CD708E-9E3A-4DB5-8E51-4D96EC43D1B5}"
EndProject
Project("{2150E333-8FDC-42A3-9474-1A3956D46DE8}") = "Frontend", "Frontend", "{CE609670-85B9-0D16-FB54-ED063D5D8A6D}"
EndProject
Project("{FAE04EC0-301F-11D3-BF4B-00C04F79EFBC}") = "Frontend.MVC", "Frontend\Frontend.MVC\Frontend.MVC.csproj", "{FCEAFBF5-8787-47B0-ABAF-DE7F0FA824A6}"
EndProject
Project("{2150E333-8FDC-42A3-9474-1A3956D46DE8}") = "tests", "tests", "{0AB3BF05-4346-4AA6-1389-037BE0695223}"
EndProject
Project("{FAE04EC0-301F-11D3-BF4B-00C04F79EFBC}") = "Agendas.UnitTests", "tests\Agendas.UnitTests\Agendas.UnitTests.csproj", "{BE7DD042-FA4D-4FBB-BC60-59A8AFD8EC8B}"
EndProject
Global
	GlobalSection(SolutionConfigurationPlatforms) = preSolution
		Debug|Any CPU = Debug|Any CPU
		Debug|x64 = Debug|x64
		Debug|x86 = Debug|x86
		Release|Any CPU = Release|Any CPU
		Release|x64 = Release|x64
		Release|x86 = Release|x86
	EndGlobalSection
	GlobalSection(ProjectConfigurationPlatforms) = postSolution
		{67F6BA90-9DE1-4DBB-8F22-C758E8FD6FE6}.Debug|Any CPU.ActiveCfg = Debug|Any CPU
		{67F6BA90-9DE1-4DBB-8F22-C758E8FD6FE6}.Debug|Any CPU.Build.0 = Debug|Any CPU
		{67F6BA90-9DE1-4DBB-8F22-C758E8FD6FE6}.Debug|x64.ActiveCfg = Debug|Any CPU
		{67F6BA90-9DE1-4DBB-8F22-C758E8FD6FE6}.Debug|x64.Build.0 = Debug|Any CPU
		{67F6BA90-9DE1-4DBB-8F22-C758E8FD6FE6}.Debug|x86.ActiveCfg = Debug|Any CPU
		{67F6BA90-9DE1-4DBB-8F22-C758E8FD6FE6}.Debug|x86.Build.0 = Debug|Any CPU
		{67F6BA90-9DE1-4DBB-8F22-C758E8FD6FE6}.Release|Any CPU.ActiveCfg = Release|Any CPU
		{67F6BA90-9DE1-4DBB-8F22-C758E8FD6FE6}.Release|Any CPU.Build.0 = Release|Any CPU
		{67F6BA90-9DE1-4DBB-8F22-C758E8FD6FE6}.Release|x64.ActiveCfg = Release|Any CPU
		{67F6BA90-9DE1-4DBB-8F22-C758E8FD6FE6}.Release|x64.Build.0 = Release|Any CPU
		{67F6BA90-9DE1-4DBB-8F22-C758E8FD6FE6}.Release|x86.ActiveCfg = Release|Any CPU
		{67F6BA90-9DE1-4DBB-8F22-C758E8FD6FE6}.Release|x86.Build.0 = Release|Any CPU
		{FB78A3CC-2954-4920-A897-FCCADB62CE28}.Debug|Any CPU.ActiveCfg = Debug|Any CPU
		{FB78A3CC-2954-4920-A897-FCCADB62CE28}.Debug|Any CPU.Build.0 = Debug|Any CPU
		{FB78A3CC-2954-4920-A897-FCCADB62CE28}.Debug|x64.ActiveCfg = Debug|Any CPU
		{FB78A3CC-2954-4920-A897-FCCADB62CE28}.Debug|x64.Build.0 = Debug|Any CPU
		{FB78A3CC-2954-4920-A897-FCCADB62CE28}.Debug|x86.ActiveCfg = Debug|Any CPU
		{FB78A3CC-2954-4920-A897-FCCADB62CE28}.Debug|x86.Build.0 = Debug|Any CPU
		{FB78A3CC-2954-4920-A897-FCCADB62CE28}.Release|Any CPU.ActiveCfg = Release|Any CPU
		{FB78A3CC-2954-4920-A897-FCCADB62CE28}.Release|Any CPU.Build.0 = Release|Any CPU
		{FB78A3CC-2954-4920-A897-FCCADB62CE28}.Release|x64.ActiveCfg = Release|Any CPU
		{FB78A3CC-2954-4920-A897-FCCADB62CE28}.Release|x64.Build.0 = Release|Any CPU
		{FB78A3CC-2954-4920-A897-FCCADB62CE28}.Release|x86.ActiveCfg = Release|Any CPU
		{FB78A3CC-2954-4920-A897-FCCADB62CE28}.Release|x86.Build.0 = Release|Any CPU
		{0A4E5222-BEA5-4EA7-8FC7-9B4605DBD86C}.Debug|Any CPU.ActiveCfg = Debug|Any CPU
		{0A4E5222-BEA5-4EA7-8FC7-9B4605DBD86C}.Debug|Any CPU.Build.0 = Debug|Any CPU
		{0A4E5222-BEA5-4EA7-8FC7-9B4605DBD86C}.Debug|x64.ActiveCfg = Debug|Any CPU
		{0A4E5222-BEA5-4EA7-8FC7-9B4605DBD86C}.Debug|x64.Build.0 = Debug|Any CPU
		{0A4E5222-BEA5-4EA7-8FC7-9B4605DBD86C}.Debug|x86.ActiveCfg = Debug|Any CPU
		{0A4E5222-BEA5-4EA7-8FC7-9B4605DBD86C}.Debug|x86.Build.0 = Debug|Any CPU
		{0A4E5222-BEA5-4EA7-8FC7-9B4605DBD86C}.Release|Any CPU.ActiveCfg = Release|Any CPU
		{0A4E5222-BEA5-4EA7-8FC7-9B4605DBD86C}.Release|Any CPU.Build.0 = Release|Any CPU
		{0A4E5222-BEA5-4EA7-8FC7-9B4605DBD86C}.Release|x64.ActiveCfg = Release|Any CPU
		{0A4E5222-BEA5-4EA7-8FC7-9B4605DBD86C}.Release|x64.Build.0 = Release|Any CPU
		{0A4E5222-BEA5-4EA7-8FC7-9B4605DBD86C}.Release|x86.ActiveCfg = Release|Any CPU
		{0A4E5222-BEA5-4EA7-8FC7-9B4605DBD86C}.Release|x86.Build.0 = Release|Any CPU
		{810A4590-06D0-440A-92F8-A19CA089A8AC}.Debug|Any CPU.ActiveCfg = Debug|Any CPU
		{810A4590-06D0-440A-92F8-A19CA089A8AC}.Debug|Any CPU.Build.0 = Debug|Any CPU
		{810A4590-06D0-440A-92F8-A19CA089A8AC}.Debug|x64.ActiveCfg = Debug|Any CPU
		{810A4590-06D0-440A-92F8-A19CA089A8AC}.Debug|x64.Build.0 = Debug|Any CPU
		{810A4590-06D0-440A-92F8-A19CA089A8AC}.Debug|x86.ActiveCfg = Debug|Any CPU
		{810A4590-06D0-440A-92F8-A19CA089A8AC}.Debug|x86.Build.0 = Debug|Any CPU
		{810A4590-06D0-440A-92F8-A19CA089A8AC}.Release|Any CPU.ActiveCfg = Release|Any CPU
		{810A4590-06D0-440A-92F8-A19CA089A8AC}.Release|Any CPU.Build.0 = Release|Any CPU
		{810A4590-06D0-440A-92F8-A19CA089A8AC}.Release|x64.ActiveCfg = Release|Any CPU
		{810A4590-06D0-440A-92F8-A19CA089A8AC}.Release|x64.Build.0 = Release|Any CPU
		{810A4590-06D0-440A-92F8-A19CA089A8AC}.Release|x86.ActiveCfg = Release|Any CPU
		{810A4590-06D0-440A-92F8-A19CA089A8AC}.Release|x86.Build.0 = Release|Any CPU
		{352DF198-29F1-4664-9760-D3E1F5E4A6E6}.Debug|Any CPU.ActiveCfg = Debug|Any CPU
		{352DF198-29F1-4664-9760-D3E1F5E4A6E6}.Debug|Any CPU.Build.0 = Debug|Any CPU
		{352DF198-29F1-4664-9760-D3E1F5E4A6E6}.Debug|x64.ActiveCfg = Debug|Any CPU
		{352DF198-29F1-4664-9760-D3E1F5E4A6E6}.Debug|x64.Build.0 = Debug|Any CPU
		{352DF198-29F1-4664-9760-D3E1F5E4A6E6}.Debug|x86.ActiveCfg = Debug|Any CPU
		{352DF198-29F1-4664-9760-D3E1F5E4A6E6}.Debug|x86.Build.0 = Debug|Any CPU
		{352DF198-29F1-4664-9760-D3E1F5E4A6E6}.Release|Any CPU.ActiveCfg = Release|Any CPU
		{352DF198-29F1-4664-9760-D3E1F5E4A6E6}.Release|Any CPU.Build.0 = Release|Any CPU
		{352DF198-29F1-4664-9760-D3E1F5E4A6E6}.Release|x64.ActiveCfg = Release|Any CPU
		{352DF198-29F1-4664-9760-D3E1F5E4A6E6}.Release|x64.Build.0 = Release|Any CPU
		{352DF198-29F1-4664-9760-D3E1F5E4A6E6}.Release|x86.ActiveCfg = Release|Any CPU
		{352DF198-29F1-4664-9760-D3E1F5E4A6E6}.Release|x86.Build.0 = Release|Any CPU
		{9720D6A0-7304-4CED-97FE-AB3C1885102B}.Debug|Any CPU.ActiveCfg = Debug|Any CPU
		{9720D6A0-7304-4CED-97FE-AB3C1885102B}.Debug|Any CPU.Build.0 = Debug|Any CPU
		{9720D6A0-7304-4CED-97FE-AB3C1885102B}.Debug|x64.ActiveCfg = Debug|Any CPU
		{9720D6A0-7304-4CED-97FE-AB3C1885102B}.Debug|x64.Build.0 = Debug|Any CPU
		{9720D6A0-7304-4CED-97FE-AB3C1885102B}.Debug|x86.ActiveCfg = Debug|Any CPU
		{9720D6A0-7304-4CED-97FE-AB3C1885102B}.Debug|x86.Build.0 = Debug|Any CPU
		{9720D6A0-7304-4CED-97FE-AB3C1885102B}.Release|Any CPU.ActiveCfg = Release|Any CPU
		{9720D6A0-7304-4CED-97FE-AB3C1885102B}.Release|Any CPU.Build.0 = Release|Any CPU
		{9720D6A0-7304-4CED-97FE-AB3C1885102B}.Release|x64.ActiveCfg = Release|Any CPU
		{9720D6A0-7304-4CED-97FE-AB3C1885102B}.Release|x64.Build.0 = Release|Any CPU
		{9720D6A0-7304-4CED-97FE-AB3C1885102B}.Release|x86.ActiveCfg = Release|Any CPU
		{9720D6A0-7304-4CED-97FE-AB3C1885102B}.Release|x86.Build.0 = Release|Any CPU
		{8375D1E0-46D9-43BB-9A16-2C43B2AD5E0A}.Debug|Any CPU.ActiveCfg = Debug|Any CPU
		{8375D1E0-46D9-43BB-9A16-2C43B2AD5E0A}.Debug|Any CPU.Build.0 = Debug|Any CPU
		{8375D1E0-46D9-43BB-9A16-2C43B2AD5E0A}.Debug|x64.ActiveCfg = Debug|Any CPU
		{8375D1E0-46D9-43BB-9A16-2C43B2AD5E0A}.Debug|x64.Build.0 = Debug|Any CPU
		{8375D1E0-46D9-43BB-9A16-2C43B2AD5E0A}.Debug|x86.ActiveCfg = Debug|Any CPU
		{8375D1E0-46D9-43BB-9A16-2C43B2AD5E0A}.Debug|x86.Build.0 = Debug|Any CPU
		{8375D1E0-46D9-43BB-9A16-2C43B2AD5E0A}.Release|Any CPU.ActiveCfg = Release|Any CPU
		{8375D1E0-46D9-43BB-9A16-2C43B2AD5E0A}.Release|Any CPU.Build.0 = Release|Any CPU
		{8375D1E0-46D9-43BB-9A16-2C43B2AD5E0A}.Release|x64.ActiveCfg = Release|Any CPU
		{8375D1E0-46D9-43BB-9A16-2C43B2AD5E0A}.Release|x64.Build.0 = Release|Any CPU
		{8375D1E0-46D9-43BB-9A16-2C43B2AD5E0A}.Release|x86.ActiveCfg = Release|Any CPU
		{8375D1E0-46D9-43BB-9A16-2C43B2AD5E0A}.Release|x86.Build.0 = Release|Any CPU
		{FC5A74ED-3E0C-42BA-AC1F-ADD5A3FEC6A1}.Debug|Any CPU.ActiveCfg = Debug|Any CPU
		{FC5A74ED-3E0C-42BA-AC1F-ADD5A3FEC6A1}.Debug|Any CPU.Build.0 = Debug|Any CPU
		{FC5A74ED-3E0C-42BA-AC1F-ADD5A3FEC6A1}.Debug|x64.ActiveCfg = Debug|Any CPU
		{FC5A74ED-3E0C-42BA-AC1F-ADD5A3FEC6A1}.Debug|x64.Build.0 = Debug|Any CPU
		{FC5A74ED-3E0C-42BA-AC1F-ADD5A3FEC6A1}.Debug|x86.ActiveCfg = Debug|Any CPU
		{FC5A74ED-3E0C-42BA-AC1F-ADD5A3FEC6A1}.Debug|x86.Build.0 = Debug|Any CPU
		{FC5A74ED-3E0C-42BA-AC1F-ADD5A3FEC6A1}.Release|Any CPU.ActiveCfg = Release|Any CPU
		{FC5A74ED-3E0C-42BA-AC1F-ADD5A3FEC6A1}.Release|Any CPU.Build.0 = Release|Any CPU
		{FC5A74ED-3E0C-42BA-AC1F-ADD5A3FEC6A1}.Release|x64.ActiveCfg = Release|Any CPU
		{FC5A74ED-3E0C-42BA-AC1F-ADD5A3FEC6A1}.Release|x64.Build.0 = Release|Any CPU
		{FC5A74ED-3E0C-42BA-AC1F-ADD5A3FEC6A1}.Release|x86.ActiveCfg = Release|Any CPU
		{FC5A74ED-3E0C-42BA-AC1F-ADD5A3FEC6A1}.Release|x86.Build.0 = Release|Any CPU
		{BE67BBC2-C974-4F19-A60B-4E8213D30568}.Debug|Any CPU.ActiveCfg = Debug|Any CPU
		{BE67BBC2-C974-4F19-A60B-4E8213D30568}.Debug|Any CPU.Build.0 = Debug|Any CPU
		{BE67BBC2-C974-4F19-A60B-4E8213D30568}.Debug|x64.ActiveCfg = Debug|Any CPU
		{BE67BBC2-C974-4F19-A60B-4E8213D30568}.Debug|x64.Build.0 = Debug|Any CPU
		{BE67BBC2-C974-4F19-A60B-4E8213D30568}.Debug|x86.ActiveCfg = Debug|Any CPU
		{BE67BBC2-C974-4F19-A60B-4E8213D30568}.Debug|x86.Build.0 = Debug|Any CPU
		{BE67BBC2-C974-4F19-A60B-4E8213D30568}.Release|Any CPU.ActiveCfg = Release|Any CPU
		{BE67BBC2-C974-4F19-A60B-4E8213D30568}.Release|Any CPU.Build.0 = Release|Any CPU
		{BE67BBC2-C974-4F19-A60B-4E8213D30568}.Release|x64.ActiveCfg = Release|Any CPU
		{BE67BBC2-C974-4F19-A60B-4E8213D30568}.Release|x64.Build.0 = Release|Any CPU
		{BE67BBC2-C974-4F19-A60B-4E8213D30568}.Release|x86.ActiveCfg = Release|Any CPU
		{BE67BBC2-C974-4F19-A60B-4E8213D30568}.Release|x86.Build.0 = Release|Any CPU
		{60F49E5E-27FF-4B72-95F9-BB18D6215EEC}.Debug|Any CPU.ActiveCfg = Debug|Any CPU
		{60F49E5E-27FF-4B72-95F9-BB18D6215EEC}.Debug|Any CPU.Build.0 = Debug|Any CPU
		{60F49E5E-27FF-4B72-95F9-BB18D6215EEC}.Debug|x64.ActiveCfg = Debug|Any CPU
		{60F49E5E-27FF-4B72-95F9-BB18D6215EEC}.Debug|x64.Build.0 = Debug|Any CPU
		{60F49E5E-27FF-4B72-95F9-BB18D6215EEC}.Debug|x86.ActiveCfg = Debug|Any CPU
		{60F49E5E-27FF-4B72-95F9-BB18D6215EEC}.Debug|x86.Build.0 = Debug|Any CPU
		{60F49E5E-27FF-4B72-95F9-BB18D6215EEC}.Release|Any CPU.ActiveCfg = Release|Any CPU
		{60F49E5E-27FF-4B72-95F9-BB18D6215EEC}.Release|Any CPU.Build.0 = Release|Any CPU
		{60F49E5E-27FF-4B72-95F9-BB18D6215EEC}.Release|x64.ActiveCfg = Release|Any CPU
		{60F49E5E-27FF-4B72-95F9-BB18D6215EEC}.Release|x64.Build.0 = Release|Any CPU
		{60F49E5E-27FF-4B72-95F9-BB18D6215EEC}.Release|x86.ActiveCfg = Release|Any CPU
		{60F49E5E-27FF-4B72-95F9-BB18D6215EEC}.Release|x86.Build.0 = Release|Any CPU
		{A9D8271C-D5C5-4BB5-8D13-BFE0BD11AFB3}.Debug|Any CPU.ActiveCfg = Debug|Any CPU
		{A9D8271C-D5C5-4BB5-8D13-BFE0BD11AFB3}.Debug|Any CPU.Build.0 = Debug|Any CPU
		{A9D8271C-D5C5-4BB5-8D13-BFE0BD11AFB3}.Debug|x64.ActiveCfg = Debug|Any CPU
		{A9D8271C-D5C5-4BB5-8D13-BFE0BD11AFB3}.Debug|x64.Build.0 = Debug|Any CPU
		{A9D8271C-D5C5-4BB5-8D13-BFE0BD11AFB3}.Debug|x86.ActiveCfg = Debug|Any CPU
		{A9D8271C-D5C5-4BB5-8D13-BFE0BD11AFB3}.Debug|x86.Build.0 = Debug|Any CPU
		{A9D8271C-D5C5-4BB5-8D13-BFE0BD11AFB3}.Release|Any CPU.ActiveCfg = Release|Any CPU
		{A9D8271C-D5C5-4BB5-8D13-BFE0BD11AFB3}.Release|Any CPU.Build.0 = Release|Any CPU
		{A9D8271C-D5C5-4BB5-8D13-BFE0BD11AFB3}.Release|x64.ActiveCfg = Release|Any CPU
		{A9D8271C-D5C5-4BB5-8D13-BFE0BD11AFB3}.Release|x64.Build.0 = Release|Any CPU
		{A9D8271C-D5C5-4BB5-8D13-BFE0BD11AFB3}.Release|x86.ActiveCfg = Release|Any CPU
		{A9D8271C-D5C5-4BB5-8D13-BFE0BD11AFB3}.Release|x86.Build.0 = Release|Any CPU
		{63CD708E-9E3A-4DB5-8E51-4D96EC43D1B5}.Debug|Any CPU.ActiveCfg = Debug|Any CPU
		{63CD708E-9E3A-4DB5-8E51-4D96EC43D1B5}.Debug|Any CPU.Build.0 = Debug|Any CPU
		{63CD708E-9E3A-4DB5-8E51-4D96EC43D1B5}.Debug|x64.ActiveCfg = Debug|Any CPU
		{63CD708E-9E3A-4DB5-8E51-4D96EC43D1B5}.Debug|x64.Build.0 = Debug|Any CPU
		{63CD708E-9E3A-4DB5-8E51-4D96EC43D1B5}.Debug|x86.ActiveCfg = Debug|Any CPU
		{63CD708E-9E3A-4DB5-8E51-4D96EC43D1B5}.Debug|x86.Build.0 = Debug|Any CPU
		{63CD708E-9E3A-4DB5-8E51-4D96EC43D1B5}.Release|Any CPU.ActiveCfg = Release|Any CPU
		{63CD708E-9E3A-4DB5-8E51-4D96EC43D1B5}.Release|Any CPU.Build.0 = Release|Any CPU
		{63CD708E-9E3A-4DB5-8E51-4D96EC43D1B5}.Release|x64.ActiveCfg = Release|Any CPU
		{63CD708E-9E3A-4DB5-8E51-4D96EC43D1B5}.Release|x64.Build.0 = Release|Any CPU
		{63CD708E-9E3A-4DB5-8E51-4D96EC43D1B5}.Release|x86.ActiveCfg = Release|Any CPU
		{63CD708E-9E3A-4DB5-8E51-4D96EC43D1B5}.Release|x86.Build.0 = Release|Any CPU
		{FCEAFBF5-8787-47B0-ABAF-DE7F0FA824A6}.Debug|Any CPU.ActiveCfg = Debug|Any CPU
		{FCEAFBF5-8787-47B0-ABAF-DE7F0FA824A6}.Debug|Any CPU.Build.0 = Debug|Any CPU
		{FCEAFBF5-8787-47B0-ABAF-DE7F0FA824A6}.Debug|x64.ActiveCfg = Debug|Any CPU
		{FCEAFBF5-8787-47B0-ABAF-DE7F0FA824A6}.Debug|x64.Build.0 = Debug|Any CPU
		{FCEAFBF5-8787-47B0-ABAF-DE7F0FA824A6}.Debug|x86.ActiveCfg = Debug|Any CPU
		{FCEAFBF5-8787-47B0-ABAF-DE7F0FA824A6}.Debug|x86.Build.0 = Debug|Any CPU
		{FCEAFBF5-8787-47B0-ABAF-DE7F0FA824A6}.Release|Any CPU.ActiveCfg = Release|Any CPU
		{FCEAFBF5-8787-47B0-ABAF-DE7F0FA824A6}.Release|Any CPU.Build.0 = Release|Any CPU
		{FCEAFBF5-8787-47B0-ABAF-DE7F0FA824A6}.Release|x64.ActiveCfg = Release|Any CPU
		{FCEAFBF5-8787-47B0-ABAF-DE7F0FA824A6}.Release|x64.Build.0 = Release|Any CPU
		{FCEAFBF5-8787-47B0-ABAF-DE7F0FA824A6}.Release|x86.ActiveCfg = Release|Any CPU
		{FCEAFBF5-8787-47B0-ABAF-DE7F0FA824A6}.Release|x86.Build.0 = Release|Any CPU
		{BE7DD042-FA4D-4FBB-BC60-59A8AFD8EC8B}.Debug|Any CPU.ActiveCfg = Debug|Any CPU
		{BE7DD042-FA4D-4FBB-BC60-59A8AFD8EC8B}.Debug|Any CPU.Build.0 = Debug|Any CPU
		{BE7DD042-FA4D-4FBB-BC60-59A8AFD8EC8B}.Debug|x64.ActiveCfg = Debug|Any CPU
		{BE7DD042-FA4D-4FBB-BC60-59A8AFD8EC8B}.Debug|x64.Build.0 = Debug|Any CPU
		{BE7DD042-FA4D-4FBB-BC60-59A8AFD8EC8B}.Debug|x86.ActiveCfg = Debug|Any CPU
		{BE7DD042-FA4D-4FBB-BC60-59A8AFD8EC8B}.Debug|x86.Build.0 = Debug|Any CPU
		{BE7DD042-FA4D-4FBB-BC60-59A8AFD8EC8B}.Release|Any CPU.ActiveCfg = Release|Any CPU
		{BE7DD042-FA4D-4FBB-BC60-59A8AFD8EC8B}.Release|Any CPU.Build.0 = Release|Any CPU
		{BE7DD042-FA4D-4FBB-BC60-59A8AFD8EC8B}.Release|x64.ActiveCfg = Release|Any CPU
		{BE7DD042-FA4D-4FBB-BC60-59A8AFD8EC8B}.Release|x64.Build.0 = Release|Any CPU
		{BE7DD042-FA4D-4FBB-BC60-59A8AFD8EC8B}.Release|x86.ActiveCfg = Release|Any CPU
		{BE7DD042-FA4D-4FBB-BC60-59A8AFD8EC8B}.Release|x86.Build.0 = Release|Any CPU
	EndGlobalSection
	GlobalSection(SolutionProperties) = preSolution
		HideSolutionNode = FALSE
	EndGlobalSection
	GlobalSection(NestedProjects) = preSolution
		{67F6BA90-9DE1-4DBB-8F22-C758E8FD6FE6} = {0FCEB2D8-564E-DA12-3628-0FEFDF18DC96}
		{FB78A3CC-2954-4920-A897-FCCADB62CE28} = {0FCEB2D8-564E-DA12-3628-0FEFDF18DC96}
		{0A4E5222-BEA5-4EA7-8FC7-9B4605DBD86C} = {0FCEB2D8-564E-DA12-3628-0FEFDF18DC96}
		{810A4590-06D0-440A-92F8-A19CA089A8AC} = {0FCEB2D8-564E-DA12-3628-0FEFDF18DC96}
		{352DF198-29F1-4664-9760-D3E1F5E4A6E6} = {7D402C9F-4E61-B0AC-C92F-96A0DB0B4F8A}
		{9720D6A0-7304-4CED-97FE-AB3C1885102B} = {7D402C9F-4E61-B0AC-C92F-96A0DB0B4F8A}
		{8375D1E0-46D9-43BB-9A16-2C43B2AD5E0A} = {7D402C9F-4E61-B0AC-C92F-96A0DB0B4F8A}
		{FC5A74ED-3E0C-42BA-AC1F-ADD5A3FEC6A1} = {7D402C9F-4E61-B0AC-C92F-96A0DB0B4F8A}
		{BE67BBC2-C974-4F19-A60B-4E8213D30568} = {467D70FE-28D8-4113-1386-67AD53474EBF}
		{60F49E5E-27FF-4B72-95F9-BB18D6215EEC} = {467D70FE-28D8-4113-1386-67AD53474EBF}
		{A9D8271C-D5C5-4BB5-8D13-BFE0BD11AFB3} = {467D70FE-28D8-4113-1386-67AD53474EBF}
		{63CD708E-9E3A-4DB5-8E51-4D96EC43D1B5} = {467D70FE-28D8-4113-1386-67AD53474EBF}
		{FCEAFBF5-8787-47B0-ABAF-DE7F0FA824A6} = {CE609670-85B9-0D16-FB54-ED063D5D8A6D}
		{BE7DD042-FA4D-4FBB-BC60-59A8AFD8EC8B} = {0AB3BF05-4346-4AA6-1389-037BE0695223}
	EndGlobalSection
EndGlobal
